// !$*UTF8*$!
{
	archiveVersion = 1;
	classes = {
	};
	objectVersion = 46;
	objects = {

/* Begin PBXBuildFile section */
		BEEF82431EEEC92C004637E9 /* CarouselScrollView.h in Headers */ = {isa = PBXBuildFile; fileRef = BEEF82411EEEC92C004637E9 /* CarouselScrollView.h */; settings = {ATTRIBUTES = (Public, ); }; };
		BEEF824E1EEECAA9004637E9 /* CarouselView.xib in Resources */ = {isa = PBXBuildFile; fileRef = BEEF824D1EEECAA9004637E9 /* CarouselView.xib */; };
		BEEF82501EEECC65004637E9 /* CarouselViewDelegate.swift in Sources */ = {isa = PBXBuildFile; fileRef = BEEF824F1EEECC65004637E9 /* CarouselViewDelegate.swift */; };
		BEEF82531EEED2C7004637E9 /* CarouselViewDataSource.swift in Sources */ = {isa = PBXBuildFile; fileRef = BEEF82511EEECC8F004637E9 /* CarouselViewDataSource.swift */; };
		BEEF827E1EEED58D004637E9 /* CarouselView+ScrollViewDelegate.swift in Sources */ = {isa = PBXBuildFile; fileRef = BEEF827D1EEED58D004637E9 /* CarouselView+ScrollViewDelegate.swift */; };
		BEEF82801EEED5B9004637E9 /* CarouselView.swift in Sources */ = {isa = PBXBuildFile; fileRef = BEEF827F1EEED5B9004637E9 /* CarouselView.swift */; };
/* End PBXBuildFile section */

/* Begin PBXFileReference section */
		BEEF823E1EEEC92C004637E9 /* CarouselView.framework */ = {isa = PBXFileReference; explicitFileType = wrapper.framework; includeInIndex = 0; path = CarouselView.framework; sourceTree = BUILT_PRODUCTS_DIR; };
		BEEF82411EEEC92C004637E9 /* CarouselScrollView.h */ = {isa = PBXFileReference; lastKnownFileType = sourcecode.c.h; path = CarouselScrollView.h; sourceTree = "<group>"; };
		BEEF82421EEEC92C004637E9 /* Info.plist */ = {isa = PBXFileReference; lastKnownFileType = text.plist.xml; path = Info.plist; sourceTree = "<group>"; };
		BEEF824D1EEECAA9004637E9 /* CarouselView.xib */ = {isa = PBXFileReference; fileEncoding = 4; lastKnownFileType = file.xib; path = CarouselView.xib; sourceTree = "<group>"; };
		BEEF824F1EEECC65004637E9 /* CarouselViewDelegate.swift */ = {isa = PBXFileReference; fileEncoding = 4; lastKnownFileType = sourcecode.swift; path = CarouselViewDelegate.swift; sourceTree = "<group>"; };
		BEEF82511EEECC8F004637E9 /* CarouselViewDataSource.swift */ = {isa = PBXFileReference; fileEncoding = 4; lastKnownFileType = sourcecode.swift; path = CarouselViewDataSource.swift; sourceTree = "<group>"; };
		BEEF827D1EEED58D004637E9 /* CarouselView+ScrollViewDelegate.swift */ = {isa = PBXFileReference; fileEncoding = 4; lastKnownFileType = sourcecode.swift; path = "CarouselView+ScrollViewDelegate.swift"; sourceTree = "<group>"; };
		BEEF827F1EEED5B9004637E9 /* CarouselView.swift */ = {isa = PBXFileReference; fileEncoding = 4; lastKnownFileType = sourcecode.swift; path = CarouselView.swift; sourceTree = "<group>"; };
/* End PBXFileReference section */

/* Begin PBXFrameworksBuildPhase section */
		BEEF823A1EEEC92C004637E9 /* Frameworks */ = {
			isa = PBXFrameworksBuildPhase;
			buildActionMask = 2147483647;
			files = (
			);
			runOnlyForDeploymentPostprocessing = 0;
		};
/* End PBXFrameworksBuildPhase section */

/* Begin PBXGroup section */
		BEEF82341EEEC92C004637E9 = {
			isa = PBXGroup;
			children = (
				BEEF82401EEEC92C004637E9 /* CarouselScrollView */,
				BEEF823F1EEEC92C004637E9 /* Products */,
			);
			sourceTree = "<group>";
		};
		BEEF823F1EEEC92C004637E9 /* Products */ = {
			isa = PBXGroup;
			children = (
				BEEF823E1EEEC92C004637E9 /* CarouselView.framework */,
			);
			name = Products;
			sourceTree = "<group>";
		};
		BEEF82401EEEC92C004637E9 /* CarouselScrollView */ = {
			isa = PBXGroup;
			children = (
				BEEF82411EEEC92C004637E9 /* CarouselScrollView.h */,
				BEEF82421EEEC92C004637E9 /* Info.plist */,
				BEEF824D1EEECAA9004637E9 /* CarouselView.xib */,
				BEEF824F1EEECC65004637E9 /* CarouselViewDelegate.swift */,
				BEEF82511EEECC8F004637E9 /* CarouselViewDataSource.swift */,
				BEEF827D1EEED58D004637E9 /* CarouselView+ScrollViewDelegate.swift */,
				BEEF827F1EEED5B9004637E9 /* CarouselView.swift */,
			);
			path = CarouselScrollView;
			sourceTree = "<group>";
		};
/* End PBXGroup section */

/* Begin PBXHeadersBuildPhase section */
		BEEF823B1EEEC92C004637E9 /* Headers */ = {
			isa = PBXHeadersBuildPhase;
			buildActionMask = 2147483647;
			files = (
				BEEF82431EEEC92C004637E9 /* CarouselScrollView.h in Headers */,
			);
			runOnlyForDeploymentPostprocessing = 0;
		};
/* End PBXHeadersBuildPhase section */

/* Begin PBXNativeTarget section */
		BEEF823D1EEEC92C004637E9 /* CarouselView */ = {
			isa = PBXNativeTarget;
			buildConfigurationList = BEEF82461EEEC92C004637E9 /* Build configuration list for PBXNativeTarget "CarouselView" */;
			buildPhases = (
				BEEF82391EEEC92C004637E9 /* Sources */,
				BEEF823A1EEEC92C004637E9 /* Frameworks */,
				BEEF823B1EEEC92C004637E9 /* Headers */,
				BEEF823C1EEEC92C004637E9 /* Resources */,
			);
			buildRules = (
			);
			dependencies = (
			);
			name = CarouselView;
			productName = CarouselScrollView;
			productReference = BEEF823E1EEEC92C004637E9 /* CarouselView.framework */;
			productType = "com.apple.product-type.framework";
		};
/* End PBXNativeTarget section */

/* Begin PBXProject section */
		BEEF82351EEEC92C004637E9 /* Project object */ = {
			isa = PBXProject;
			attributes = {
				LastUpgradeCheck = 0830;
				ORGANIZATIONNAME = bepiducb;
				TargetAttributes = {
					BEEF823D1EEEC92C004637E9 = {
						CreatedOnToolsVersion = 8.3.2;
						DevelopmentTeam = E9XV8HU23K;
						LastSwiftMigration = 0830;
						ProvisioningStyle = Automatic;
					};
				};
			};
			buildConfigurationList = BEEF82381EEEC92C004637E9 /* Build configuration list for PBXProject "CarouselView" */;
			compatibilityVersion = "Xcode 3.2";
			developmentRegion = English;
			hasScannedForEncodings = 0;
			knownRegions = (
				en,
			);
			mainGroup = BEEF82341EEEC92C004637E9;
			productRefGroup = BEEF823F1EEEC92C004637E9 /* Products */;
			projectDirPath = "";
			projectRoot = "";
			targets = (
				BEEF823D1EEEC92C004637E9 /* CarouselView */,
			);
		};
/* End PBXProject section */

/* Begin PBXResourcesBuildPhase section */
		BEEF823C1EEEC92C004637E9 /* Resources */ = {
			isa = PBXResourcesBuildPhase;
			buildActionMask = 2147483647;
			files = (
				BEEF824E1EEECAA9004637E9 /* CarouselView.xib in Resources */,
			);
			runOnlyForDeploymentPostprocessing = 0;
		};
/* End PBXResourcesBuildPhase section */

/* Begin PBXSourcesBuildPhase section */
		BEEF82391EEEC92C004637E9 /* Sources */ = {
			isa = PBXSourcesBuildPhase;
			buildActionMask = 2147483647;
			files = (
				BEEF82531EEED2C7004637E9 /* CarouselViewDataSource.swift in Sources */,
				BEEF82501EEECC65004637E9 /* CarouselViewDelegate.swift in Sources */,
				BEEF827E1EEED58D004637E9 /* CarouselView+ScrollViewDelegate.swift in Sources */,
				BEEF82801EEED5B9004637E9 /* CarouselView.swift in Sources */,
			);
			runOnlyForDeploymentPostprocessing = 0;
		};
/* End PBXSourcesBuildPhase section */

/* Begin XCBuildConfiguration section */
		BEEF82441EEEC92C004637E9 /* Debug */ = {
			isa = XCBuildConfiguration;
			buildSettings = {
				ALWAYS_SEARCH_USER_PATHS = NO;
				CLANG_ANALYZER_NONNULL = YES;
				CLANG_ANALYZER_NUMBER_OBJECT_CONVERSION = YES_AGGRESSIVE;
				CLANG_CXX_LANGUAGE_STANDARD = "gnu++0x";
				CLANG_CXX_LIBRARY = "libc++";
				CLANG_ENABLE_MODULES = YES;
				CLANG_ENABLE_OBJC_ARC = YES;
				CLANG_WARN_BOOL_CONVERSION = YES;
				CLANG_WARN_CONSTANT_CONVERSION = YES;
				CLANG_WARN_DIRECT_OBJC_ISA_USAGE = YES_ERROR;
				CLANG_WARN_DOCUMENTATION_COMMENTS = YES;
				CLANG_WARN_EMPTY_BODY = YES;
				CLANG_WARN_ENUM_CONVERSION = YES;
				CLANG_WARN_INFINITE_RECURSION = YES;
				CLANG_WARN_INT_CONVERSION = YES;
				CLANG_WARN_OBJC_ROOT_CLASS = YES_ERROR;
				CLANG_WARN_SUSPICIOUS_MOVE = YES;
				CLANG_WARN_UNREACHABLE_CODE = YES;
				CLANG_WARN__DUPLICATE_METHOD_MATCH = YES;
				"CODE_SIGN_IDENTITY[sdk=iphoneos*]" = "iPhone Developer";
				COPY_PHASE_STRIP = NO;
				CURRENT_PROJECT_VERSION = 1;
				DEBUG_INFORMATION_FORMAT = dwarf;
				ENABLE_STRICT_OBJC_MSGSEND = YES;
				ENABLE_TESTABILITY = YES;
				GCC_C_LANGUAGE_STANDARD = gnu99;
				GCC_DYNAMIC_NO_PIC = NO;
				GCC_NO_COMMON_BLOCKS = YES;
				GCC_OPTIMIZATION_LEVEL = 0;
				GCC_PREPROCESSOR_DEFINITIONS = (
					"DEBUG=1",
					"$(inherited)",
				);
				GCC_WARN_64_TO_32_BIT_CONVERSION = YES;
				GCC_WARN_ABOUT_RETURN_TYPE = YES_ERROR;
				GCC_WARN_UNDECLARED_SELECTOR = YES;
				GCC_WARN_UNINITIALIZED_AUTOS = YES_AGGRESSIVE;
				GCC_WARN_UNUSED_FUNCTION = YES;
				GCC_WARN_UNUSED_VARIABLE = YES;
				IPHONEOS_DEPLOYMENT_TARGET = 10.3;
				MTL_ENABLE_DEBUG_INFO = YES;
				ONLY_ACTIVE_ARCH = YES;
				SDKROOT = iphoneos;
				SWIFT_ACTIVE_COMPILATION_CONDITIONS = DEBUG;
				SWIFT_OPTIMIZATION_LEVEL = "-Onone";
				TARGETED_DEVICE_FAMILY = "1,2";
				VERSIONING_SYSTEM = "apple-generic";
				VERSION_INFO_PREFIX = "";
			};
			name = Debug;
		};
		BEEF82451EEEC92C004637E9 /* Release */ = {
			isa = XCBuildConfiguration;
			buildSettings = {
				ALWAYS_SEARCH_USER_PATHS = NO;
				CLANG_ANALYZER_NONNULL = YES;
				CLANG_ANALYZER_NUMBER_OBJECT_CONVERSION = YES_AGGRESSIVE;
				CLANG_CXX_LANGUAGE_STANDARD = "gnu++0x";
				CLANG_CXX_LIBRARY = "libc++";
				CLANG_ENABLE_MODULES = YES;
				CLANG_ENABLE_OBJC_ARC = YES;
				CLANG_WARN_BOOL_CONVERSION = YES;
				CLANG_WARN_CONSTANT_CONVERSION = YES;
				CLANG_WARN_DIRECT_OBJC_ISA_USAGE = YES_ERROR;
				CLANG_WARN_DOCUMENTATION_COMMENTS = YES;
				CLANG_WARN_EMPTY_BODY = YES;
				CLANG_WARN_ENUM_CONVERSION = YES;
				CLANG_WARN_INFINITE_RECURSION = YES;
				CLANG_WARN_INT_CONVERSION = YES;
				CLANG_WARN_OBJC_ROOT_CLASS = YES_ERROR;
				CLANG_WARN_SUSPICIOUS_MOVE = YES;
				CLANG_WARN_UNREACHABLE_CODE = YES;
				CLANG_WARN__DUPLICATE_METHOD_MATCH = YES;
				"CODE_SIGN_IDENTITY[sdk=iphoneos*]" = "iPhone Developer";
				COPY_PHASE_STRIP = NO;
				CURRENT_PROJECT_VERSION = 1;
				DEBUG_INFORMATION_FORMAT = "dwarf-with-dsym";
				ENABLE_NS_ASSERTIONS = NO;
				ENABLE_STRICT_OBJC_MSGSEND = YES;
				GCC_C_LANGUAGE_STANDARD = gnu99;
				GCC_NO_COMMON_BLOCKS = YES;
				GCC_WARN_64_TO_32_BIT_CONVERSION = YES;
				GCC_WARN_ABOUT_RETURN_TYPE = YES_ERROR;
				GCC_WARN_UNDECLARED_SELECTOR = YES;
				GCC_WARN_UNINITIALIZED_AUTOS = YES_AGGRESSIVE;
				GCC_WARN_UNUSED_FUNCTION = YES;
				GCC_WARN_UNUSED_VARIABLE = YES;
				IPHONEOS_DEPLOYMENT_TARGET = 10.3;
				MTL_ENABLE_DEBUG_INFO = NO;
				SDKROOT = iphoneos;
				SWIFT_OPTIMIZATION_LEVEL = "-Owholemodule";
				TARGETED_DEVICE_FAMILY = "1,2";
				VALIDATE_PRODUCT = YES;
				VERSIONING_SYSTEM = "apple-generic";
				VERSION_INFO_PREFIX = "";
			};
			name = Release;
		};
		BEEF82471EEEC92C004637E9 /* Debug */ = {
			isa = XCBuildConfiguration;
			buildSettings = {
				CLANG_ENABLE_MODULES = YES;
				CODE_SIGN_IDENTITY = "";
				DEFINES_MODULE = YES;
				DEVELOPMENT_TEAM = E9XV8HU23K;
				DYLIB_COMPATIBILITY_VERSION = 1;
				DYLIB_CURRENT_VERSION = 1;
				DYLIB_INSTALL_NAME_BASE = "@rpath";
				INFOPLIST_FILE = CarouselScrollView/Info.plist;
				INSTALL_PATH = "$(LOCAL_LIBRARY_DIR)/Frameworks";
				IPHONEOS_DEPLOYMENT_TARGET = 9.0;
				LD_RUNPATH_SEARCH_PATHS = "$(inherited) @executable_path/Frameworks @loader_path/Frameworks";
				PRODUCT_BUNDLE_IDENTIFIER = br.com.bepiducb.CarouselView;
				PRODUCT_NAME = "$(TARGET_NAME)";
				SKIP_INSTALL = YES;
				SWIFT_OPTIMIZATION_LEVEL = "-Onone";
				SWIFT_VERSION = 3.0;
			};
			name = Debug;
		};
		BEEF82481EEEC92C004637E9 /* Release */ = {
			isa = XCBuildConfiguration;
			buildSettings = {
				CLANG_ENABLE_MODULES = YES;
				CODE_SIGN_IDENTITY = "";
				DEFINES_MODULE = YES;
				DEVELOPMENT_TEAM = E9XV8HU23K;
				DYLIB_COMPATIBILITY_VERSION = 1;
				DYLIB_CURRENT_VERSION = 1;
				DYLIB_INSTALL_NAME_BASE = "@rpath";
				INFOPLIST_FILE = CarouselScrollView/Info.plist;
				INSTALL_PATH = "$(LOCAL_LIBRARY_DIR)/Frameworks";
				IPHONEOS_DEPLOYMENT_TARGET = 9.0;
				LD_RUNPATH_SEARCH_PATHS = "$(inherited) @executable_path/Frameworks @loader_path/Frameworks";
				PRODUCT_BUNDLE_IDENTIFIER = br.com.bepiducb.CarouselView;
				PRODUCT_NAME = "$(TARGET_NAME)";
				SKIP_INSTALL = YES;
				SWIFT_VERSION = 3.0;
			};
			name = Release;
		};
/* End XCBuildConfiguration section */

/* Begin XCConfigurationList section */
		BEEF82381EEEC92C004637E9 /* Build configuration list for PBXProject "CarouselView" */ = {
			isa = XCConfigurationList;
			buildConfigurations = (
				BEEF82441EEEC92C004637E9 /* Debug */,
				BEEF82451EEEC92C004637E9 /* Release */,
			);
			defaultConfigurationIsVisible = 0;
			defaultConfigurationName = Release;
		};
		BEEF82461EEEC92C004637E9 /* Build configuration list for PBXNativeTarget "CarouselView" */ = {
			isa = XCConfigurationList;
			buildConfigurations = (
				BEEF82471EEEC92C004637E9 /* Debug */,
				BEEF82481EEEC92C004637E9 /* Release */,
			);
			defaultConfigurationIsVisible = 0;
			defaultConfigurationName = Release;
		};
/* End XCConfigurationList section */
	};
	rootObject = BEEF82351EEEC92C004637E9 /* Project object */;
}
